// !$*UTF8*$!
{
	archiveVersion = 1;
	classes = {
	};
	objectVersion = 46;
	objects = {

/* Begin PBXBuildFile section */
		1BE80A7A1A62FA2E00973FA5 /* AppDelegate.swift in Sources */ = {isa = PBXBuildFile; fileRef = 1BE80A791A62FA2E00973FA5 /* AppDelegate.swift */; };
		1BE80A7C1A62FA2E00973FA5 /* ViewController.swift in Sources */ = {isa = PBXBuildFile; fileRef = 1BE80A7B1A62FA2E00973FA5 /* ViewController.swift */; };
		1BE80A7F1A62FA2E00973FA5 /* Main.storyboard in Resources */ = {isa = PBXBuildFile; fileRef = 1BE80A7D1A62FA2E00973FA5 /* Main.storyboard */; };
		1BE80A811A62FA2E00973FA5 /* Images.xcassets in Resources */ = {isa = PBXBuildFile; fileRef = 1BE80A801A62FA2E00973FA5 /* Images.xcassets */; };
		1BE80A841A62FA2E00973FA5 /* LaunchScreen.xib in Resources */ = {isa = PBXBuildFile; fileRef = 1BE80A821A62FA2E00973FA5 /* LaunchScreen.xib */; };
		1BE80A901A62FA2E00973FA5 /* exampleTests.swift in Sources */ = {isa = PBXBuildFile; fileRef = 1BE80A8F1A62FA2E00973FA5 /* exampleTests.swift */; };
		C44D77D51A6D6F1800A6CAC1 /* SwiftyJSON.swift in Sources */ = {isa = PBXBuildFile; fileRef = C44D77D41A6D6F1800A6CAC1 /* SwiftyJSON.swift */; };
/* End PBXBuildFile section */

/* Begin PBXContainerItemProxy section */
		1B733F551A6300EF00F2F251 /* PBXContainerItemProxy */ = {
			isa = PBXContainerItemProxy;
			containerPortal = 1BE80A991A62FDF600973FA5 /* Hook.xcodeproj */;
			proxyType = 2;
			remoteGlobalIDString = 1BBC65E81A62FFB5004E4836;
			remoteInfo = Hook;
		};
		1B733F571A6300EF00F2F251 /* PBXContainerItemProxy */ = {
			isa = PBXContainerItemProxy;
			containerPortal = 1BE80A991A62FDF600973FA5 /* Hook.xcodeproj */;
			proxyType = 2;
			remoteGlobalIDString = 1BBC65F21A62FFB5004E4836;
			remoteInfo = HookTests;
		};
		1B733F591A63010800F2F251 /* PBXContainerItemProxy */ = {
			isa = PBXContainerItemProxy;
			containerPortal = 1BE80A991A62FDF600973FA5 /* Hook.xcodeproj */;
			proxyType = 1;
			remoteGlobalIDString = 1BBC65E71A62FFB5004E4836;
			remoteInfo = Hook;
		};
		1B7425741A6B5F7A005AE288 /* PBXContainerItemProxy */ = {
			isa = PBXContainerItemProxy;
			containerPortal = 1BE80A991A62FDF600973FA5 /* Hook.xcodeproj */;
			proxyType = 2;
			remoteGlobalIDString = 1B141DDA1A6B55C700FB8754;
			remoteInfo = "Hook OSX";
		};
		1B7425761A6B5F7A005AE288 /* PBXContainerItemProxy */ = {
			isa = PBXContainerItemProxy;
			containerPortal = 1BE80A991A62FDF600973FA5 /* Hook.xcodeproj */;
			proxyType = 2;
			remoteGlobalIDString = 1B141DE41A6B55C800FB8754;
			remoteInfo = HookTests;
		};
		1BE80A8A1A62FA2E00973FA5 /* PBXContainerItemProxy */ = {
			isa = PBXContainerItemProxy;
			containerPortal = 1BE80A6C1A62FA2E00973FA5 /* Project object */;
			proxyType = 1;
			remoteGlobalIDString = 1BE80A731A62FA2E00973FA5;
			remoteInfo = example;
		};
/* End PBXContainerItemProxy section */

/* Begin PBXFileReference section */
		1BE80A741A62FA2E00973FA5 /* example.app */ = {isa = PBXFileReference; explicitFileType = wrapper.application; includeInIndex = 0; path = example.app; sourceTree = BUILT_PRODUCTS_DIR; };
		1BE80A781A62FA2E00973FA5 /* Info.plist */ = {isa = PBXFileReference; lastKnownFileType = text.plist.xml; path = Info.plist; sourceTree = "<group>"; };
		1BE80A791A62FA2E00973FA5 /* AppDelegate.swift */ = {isa = PBXFileReference; lastKnownFileType = sourcecode.swift; path = AppDelegate.swift; sourceTree = "<group>"; };
		1BE80A7B1A62FA2E00973FA5 /* ViewController.swift */ = {isa = PBXFileReference; lastKnownFileType = sourcecode.swift; path = ViewController.swift; sourceTree = "<group>"; };
		1BE80A7E1A62FA2E00973FA5 /* Base */ = {isa = PBXFileReference; lastKnownFileType = file.storyboard; name = Base; path = Base.lproj/Main.storyboard; sourceTree = "<group>"; };
		1BE80A801A62FA2E00973FA5 /* Images.xcassets */ = {isa = PBXFileReference; lastKnownFileType = folder.assetcatalog; path = Images.xcassets; sourceTree = "<group>"; };
		1BE80A831A62FA2E00973FA5 /* Base */ = {isa = PBXFileReference; lastKnownFileType = file.xib; name = Base; path = Base.lproj/LaunchScreen.xib; sourceTree = "<group>"; };
		1BE80A891A62FA2E00973FA5 /* exampleTests.xctest */ = {isa = PBXFileReference; explicitFileType = wrapper.cfbundle; includeInIndex = 0; path = exampleTests.xctest; sourceTree = BUILT_PRODUCTS_DIR; };
		1BE80A8E1A62FA2E00973FA5 /* Info.plist */ = {isa = PBXFileReference; lastKnownFileType = text.plist.xml; path = Info.plist; sourceTree = "<group>"; };
		1BE80A8F1A62FA2E00973FA5 /* exampleTests.swift */ = {isa = PBXFileReference; lastKnownFileType = sourcecode.swift; path = exampleTests.swift; sourceTree = "<group>"; };
		1BE80A991A62FDF600973FA5 /* Hook.xcodeproj */ = {isa = PBXFileReference; lastKnownFileType = "wrapper.pb-project"; name = Hook.xcodeproj; path = ../hook/Hook.xcodeproj; sourceTree = "<group>"; };
		C44D77D41A6D6F1800A6CAC1 /* SwiftyJSON.swift */ = {isa = PBXFileReference; fileEncoding = 4; lastKnownFileType = sourcecode.swift; name = SwiftyJSON.swift; path = ../../vendor/SwiftyJSON/Source/SwiftyJSON.swift; sourceTree = "<group>"; };
/* End PBXFileReference section */

/* Begin PBXFrameworksBuildPhase section */
		1BE80A711A62FA2E00973FA5 /* Frameworks */ = {
			isa = PBXFrameworksBuildPhase;
			buildActionMask = 2147483647;
			files = (
			);
			runOnlyForDeploymentPostprocessing = 0;
		};
		1BE80A861A62FA2E00973FA5 /* Frameworks */ = {
			isa = PBXFrameworksBuildPhase;
			buildActionMask = 2147483647;
			files = (
			);
			runOnlyForDeploymentPostprocessing = 0;
		};
/* End PBXFrameworksBuildPhase section */

/* Begin PBXGroup section */
		1B733F4E1A6300EF00F2F251 /* Products */ = {
			isa = PBXGroup;
			children = (
				1B733F561A6300EF00F2F251 /* Hook.framework */,
				1B733F581A6300EF00F2F251 /* HookTests.xctest */,
				1B7425751A6B5F7A005AE288 /* Hook.framework */,
				1B7425771A6B5F7A005AE288 /* HookTests.xctest */,
			);
			name = Products;
			sourceTree = "<group>";
		};
		1BE80A6B1A62FA2E00973FA5 = {
			isa = PBXGroup;
			children = (
				1BE80A991A62FDF600973FA5 /* Hook.xcodeproj */,
				1BE80A761A62FA2E00973FA5 /* example */,
				1BE80A8C1A62FA2E00973FA5 /* exampleTests */,
				1BE80A751A62FA2E00973FA5 /* Products */,
			);
			sourceTree = "<group>";
		};
		1BE80A751A62FA2E00973FA5 /* Products */ = {
			isa = PBXGroup;
			children = (
				1BE80A741A62FA2E00973FA5 /* example.app */,
				1BE80A891A62FA2E00973FA5 /* exampleTests.xctest */,
			);
			name = Products;
			sourceTree = "<group>";
		};
		1BE80A761A62FA2E00973FA5 /* example */ = {
			isa = PBXGroup;
			children = (
				C44D77D41A6D6F1800A6CAC1 /* SwiftyJSON.swift */,
				1BE80A791A62FA2E00973FA5 /* AppDelegate.swift */,
				1BE80A7B1A62FA2E00973FA5 /* ViewController.swift */,
				1BE80A7D1A62FA2E00973FA5 /* Main.storyboard */,
				1BE80A801A62FA2E00973FA5 /* Images.xcassets */,
				1BE80A821A62FA2E00973FA5 /* LaunchScreen.xib */,
				1BE80A771A62FA2E00973FA5 /* Supporting Files */,
			);
			path = example;
			sourceTree = "<group>";
		};
		1BE80A771A62FA2E00973FA5 /* Supporting Files */ = {
			isa = PBXGroup;
			children = (
				1BE80A781A62FA2E00973FA5 /* Info.plist */,
			);
			name = "Supporting Files";
			sourceTree = "<group>";
		};
		1BE80A8C1A62FA2E00973FA5 /* exampleTests */ = {
			isa = PBXGroup;
			children = (
				1BE80A8F1A62FA2E00973FA5 /* exampleTests.swift */,
				1BE80A8D1A62FA2E00973FA5 /* Supporting Files */,
			);
			path = exampleTests;
			sourceTree = "<group>";
		};
		1BE80A8D1A62FA2E00973FA5 /* Supporting Files */ = {
			isa = PBXGroup;
			children = (
				1BE80A8E1A62FA2E00973FA5 /* Info.plist */,
			);
			name = "Supporting Files";
			sourceTree = "<group>";
		};
/* End PBXGroup section */

/* Begin PBXNativeTarget section */
		1BE80A731A62FA2E00973FA5 /* example */ = {
			isa = PBXNativeTarget;
			buildConfigurationList = 1BE80A931A62FA2E00973FA5 /* Build configuration list for PBXNativeTarget "example" */;
			buildPhases = (
				1BE80A701A62FA2E00973FA5 /* Sources */,
				1BE80A711A62FA2E00973FA5 /* Frameworks */,
				1BE80A721A62FA2E00973FA5 /* Resources */,
			);
			buildRules = (
			);
			dependencies = (
				1B733F5A1A63010800F2F251 /* PBXTargetDependency */,
			);
			name = example;
			productName = example;
			productReference = 1BE80A741A62FA2E00973FA5 /* example.app */;
			productType = "com.apple.product-type.application";
		};
		1BE80A881A62FA2E00973FA5 /* exampleTests */ = {
			isa = PBXNativeTarget;
			buildConfigurationList = 1BE80A961A62FA2E00973FA5 /* Build configuration list for PBXNativeTarget "exampleTests" */;
			buildPhases = (
				1BE80A851A62FA2E00973FA5 /* Sources */,
				1BE80A861A62FA2E00973FA5 /* Frameworks */,
				1BE80A871A62FA2E00973FA5 /* Resources */,
			);
			buildRules = (
			);
			dependencies = (
				1BE80A8B1A62FA2E00973FA5 /* PBXTargetDependency */,
			);
			name = exampleTests;
			productName = exampleTests;
			productReference = 1BE80A891A62FA2E00973FA5 /* exampleTests.xctest */;
			productType = "com.apple.product-type.bundle.unit-test";
		};
/* End PBXNativeTarget section */

/* Begin PBXProject section */
		1BE80A6C1A62FA2E00973FA5 /* Project object */ = {
			isa = PBXProject;
			attributes = {
				LastUpgradeCheck = 0610;
				ORGANIZATIONNAME = Doubleleft;
				TargetAttributes = {
					1BE80A731A62FA2E00973FA5 = {
						CreatedOnToolsVersion = 6.1.1;
					};
					1BE80A881A62FA2E00973FA5 = {
						CreatedOnToolsVersion = 6.1.1;
						TestTargetID = 1BE80A731A62FA2E00973FA5;
					};
				};
			};
			buildConfigurationList = 1BE80A6F1A62FA2E00973FA5 /* Build configuration list for PBXProject "example" */;
			compatibilityVersion = "Xcode 3.2";
			developmentRegion = English;
			hasScannedForEncodings = 0;
			knownRegions = (
				en,
				Base,
			);
			mainGroup = 1BE80A6B1A62FA2E00973FA5;
			productRefGroup = 1BE80A751A62FA2E00973FA5 /* Products */;
			projectDirPath = "";
			projectReferences = (
				{
					ProductGroup = 1B733F4E1A6300EF00F2F251 /* Products */;
					ProjectRef = 1BE80A991A62FDF600973FA5 /* Hook.xcodeproj */;
				},
			);
			projectRoot = "";
			targets = (
				1BE80A731A62FA2E00973FA5 /* example */,
				1BE80A881A62FA2E00973FA5 /* exampleTests */,
			);
		};
/* End PBXProject section */

/* Begin PBXReferenceProxy section */
		1B733F561A6300EF00F2F251 /* Hook.framework */ = {
			isa = PBXReferenceProxy;
			fileType = wrapper.framework;
			path = Hook.framework;
			remoteRef = 1B733F551A6300EF00F2F251 /* PBXContainerItemProxy */;
			sourceTree = BUILT_PRODUCTS_DIR;
		};
		1B733F581A6300EF00F2F251 /* HookTests.xctest */ = {
			isa = PBXReferenceProxy;
			fileType = wrapper.cfbundle;
			path = HookTests.xctest;
			remoteRef = 1B733F571A6300EF00F2F251 /* PBXContainerItemProxy */;
			sourceTree = BUILT_PRODUCTS_DIR;
		};
		1B7425751A6B5F7A005AE288 /* Hook.framework */ = {
			isa = PBXReferenceProxy;
			fileType = wrapper.framework;
			path = Hook.framework;
			remoteRef = 1B7425741A6B5F7A005AE288 /* PBXContainerItemProxy */;
			sourceTree = BUILT_PRODUCTS_DIR;
		};
		1B7425771A6B5F7A005AE288 /* HookTests.xctest */ = {
			isa = PBXReferenceProxy;
			fileType = wrapper.cfbundle;
			path = HookTests.xctest;
			remoteRef = 1B7425761A6B5F7A005AE288 /* PBXContainerItemProxy */;
			sourceTree = BUILT_PRODUCTS_DIR;
		};
/* End PBXReferenceProxy section */

/* Begin PBXResourcesBuildPhase section */
		1BE80A721A62FA2E00973FA5 /* Resources */ = {
			isa = PBXResourcesBuildPhase;
			buildActionMask = 2147483647;
			files = (
				1BE80A7F1A62FA2E00973FA5 /* Main.storyboard in Resources */,
				1BE80A841A62FA2E00973FA5 /* LaunchScreen.xib in Resources */,
				1BE80A811A62FA2E00973FA5 /* Images.xcassets in Resources */,
			);
			runOnlyForDeploymentPostprocessing = 0;
		};
		1BE80A871A62FA2E00973FA5 /* Resources */ = {
			isa = PBXResourcesBuildPhase;
			buildActionMask = 2147483647;
			files = (
			);
			runOnlyForDeploymentPostprocessing = 0;
		};
/* End PBXResourcesBuildPhase section */

/* Begin PBXSourcesBuildPhase section */
		1BE80A701A62FA2E00973FA5 /* Sources */ = {
			isa = PBXSourcesBuildPhase;
			buildActionMask = 2147483647;
			files = (
				C44D77D51A6D6F1800A6CAC1 /* SwiftyJSON.swift in Sources */,
				1BE80A7C1A62FA2E00973FA5 /* ViewController.swift in Sources */,
				1BE80A7A1A62FA2E00973FA5 /* AppDelegate.swift in Sources */,
			);
			runOnlyForDeploymentPostprocessing = 0;
		};
		1BE80A851A62FA2E00973FA5 /* Sources */ = {
			isa = PBXSourcesBuildPhase;
			buildActionMask = 2147483647;
			files = (
				1BE80A901A62FA2E00973FA5 /* exampleTests.swift in Sources */,
			);
			runOnlyForDeploymentPostprocessing = 0;
		};
/* End PBXSourcesBuildPhase section */

/* Begin PBXTargetDependency section */
		1B733F5A1A63010800F2F251 /* PBXTargetDependency */ = {
			isa = PBXTargetDependency;
			name = Hook;
			targetProxy = 1B733F591A63010800F2F251 /* PBXContainerItemProxy */;
		};
		1BE80A8B1A62FA2E00973FA5 /* PBXTargetDependency */ = {
			isa = PBXTargetDependency;
			target = 1BE80A731A62FA2E00973FA5 /* example */;
			targetProxy = 1BE80A8A1A62FA2E00973FA5 /* PBXContainerItemProxy */;
		};
/* End PBXTargetDependency section */

/* Begin PBXVariantGroup section */
		1BE80A7D1A62FA2E00973FA5 /* Main.storyboard */ = {
			isa = PBXVariantGroup;
			children = (
				1BE80A7E1A62FA2E00973FA5 /* Base */,
			);
			name = Main.storyboard;
			sourceTree = "<group>";
		};
		1BE80A821A62FA2E00973FA5 /* LaunchScreen.xib */ = {
			isa = PBXVariantGroup;
			children = (
				1BE80A831A62FA2E00973FA5 /* Base */,
			);
			name = LaunchScreen.xib;
			sourceTree = "<group>";
		};
/* End PBXVariantGroup section */

/* Begin XCBuildConfiguration section */
		1BE80A911A62FA2E00973FA5 /* Debug */ = {
			isa = XCBuildConfiguration;
			buildSettings = {
				ALWAYS_SEARCH_USER_PATHS = NO;
				CLANG_CXX_LANGUAGE_STANDARD = "gnu++0x";
				CLANG_CXX_LIBRARY = "libc++";
				CLANG_ENABLE_MODULES = YES;
				CLANG_ENABLE_OBJC_ARC = YES;
				CLANG_WARN_BOOL_CONVERSION = YES;
				CLANG_WARN_CONSTANT_CONVERSION = YES;
				CLANG_WARN_DIRECT_OBJC_ISA_USAGE = YES_ERROR;
				CLANG_WARN_EMPTY_BODY = YES;
				CLANG_WARN_ENUM_CONVERSION = YES;
				CLANG_WARN_INT_CONVERSION = YES;
				CLANG_WARN_OBJC_ROOT_CLASS = YES_ERROR;
				CLANG_WARN_UNREACHABLE_CODE = YES;
				CLANG_WARN__DUPLICATE_METHOD_MATCH = YES;
				"CODE_SIGN_IDENTITY[sdk=iphoneos*]" = "iPhone Developer";
				COPY_PHASE_STRIP = NO;
				ENABLE_STRICT_OBJC_MSGSEND = YES;
				GCC_C_LANGUAGE_STANDARD = gnu99;
				GCC_DYNAMIC_NO_PIC = NO;
				GCC_OPTIMIZATION_LEVEL = 0;
				GCC_PREPROCESSOR_DEFINITIONS = (
					"DEBUG=1",
					"$(inherited)",
				);
				GCC_SYMBOLS_PRIVATE_EXTERN = NO;
				GCC_WARN_64_TO_32_BIT_CONVERSION = YES;
				GCC_WARN_ABOUT_RETURN_TYPE = YES_ERROR;
				GCC_WARN_UNDECLARED_SELECTOR = YES;
				GCC_WARN_UNINITIALIZED_AUTOS = YES_AGGRESSIVE;
				GCC_WARN_UNUSED_FUNCTION = YES;
				GCC_WARN_UNUSED_VARIABLE = YES;
				IPHONEOS_DEPLOYMENT_TARGET = 8.1;
				MTL_ENABLE_DEBUG_INFO = YES;
				ONLY_ACTIVE_ARCH = YES;
				SDKROOT = iphoneos;
				SWIFT_OPTIMIZATION_LEVEL = "-Onone";
				TARGETED_DEVICE_FAMILY = "1,2";
			};
			name = Debug;
		};
		1BE80A921A62FA2E00973FA5 /* Release */ = {
			isa = XCBuildConfiguration;
			buildSettings = {
				ALWAYS_SEARCH_USER_PATHS = NO;
				CLANG_CXX_LANGUAGE_STANDARD = "gnu++0x";
				CLANG_CXX_LIBRARY = "libc++";
				CLANG_ENABLE_MODULES = YES;
				CLANG_ENABLE_OBJC_ARC = YES;
				CLANG_WARN_BOOL_CONVERSION = YES;
				CLANG_WARN_CONSTANT_CONVERSION = YES;
				CLANG_WARN_DIRECT_OBJC_ISA_USAGE = YES_ERROR;
				CLANG_WARN_EMPTY_BODY = YES;
				CLANG_WARN_ENUM_CONVERSION = YES;
				CLANG_WARN_INT_CONVERSION = YES;
				CLANG_WARN_OBJC_ROOT_CLASS = YES_ERROR;
				CLANG_WARN_UNREACHABLE_CODE = YES;
				CLANG_WARN__DUPLICATE_METHOD_MATCH = YES;
				"CODE_SIGN_IDENTITY[sdk=iphoneos*]" = "iPhone Developer";
				COPY_PHASE_STRIP = YES;
				ENABLE_NS_ASSERTIONS = NO;
				ENABLE_STRICT_OBJC_MSGSEND = YES;
				GCC_C_LANGUAGE_STANDARD = gnu99;
				GCC_WARN_64_TO_32_BIT_CONVERSION = YES;
				GCC_WARN_ABOUT_RETURN_TYPE = YES_ERROR;
				GCC_WARN_UNDECLARED_SELECTOR = YES;
				GCC_WARN_UNINITIALIZED_AUTOS = YES_AGGRESSIVE;
				GCC_WARN_UNUSED_FUNCTION = YES;
				GCC_WARN_UNUSED_VARIABLE = YES;
				IPHONEOS_DEPLOYMENT_TARGET = 8.1;
				MTL_ENABLE_DEBUG_INFO = NO;
				SDKROOT = iphoneos;
				TARGETED_DEVICE_FAMILY = "1,2";
				VALIDATE_PRODUCT = YES;
			};
			name = Release;
		};
		1BE80A941A62FA2E00973FA5 /* Debug */ = {
			isa = XCBuildConfiguration;
			buildSettings = {
				ASSETCATALOG_COMPILER_APPICON_NAME = AppIcon;
				INFOPLIST_FILE = example/Info.plist;
				LD_RUNPATH_SEARCH_PATHS = "$(inherited) @executable_path/Frameworks";
				PRODUCT_NAME = "$(TARGET_NAME)";
			};
			name = Debug;
		};
		1BE80A951A62FA2E00973FA5 /* Release */ = {
			isa = XCBuildConfiguration;
			buildSettings = {
				ASSETCATALOG_COMPILER_APPICON_NAME = AppIcon;
				INFOPLIST_FILE = example/Info.plist;
				LD_RUNPATH_SEARCH_PATHS = "$(inherited) @executable_path/Frameworks";
				PRODUCT_NAME = "$(TARGET_NAME)";
			};
			name = Release;
		};
		1BE80A971A62FA2E00973FA5 /* Debug */ = {
			isa = XCBuildConfiguration;
			buildSettings = {
				BUNDLE_LOADER = "$(TEST_HOST)";
				FRAMEWORK_SEARCH_PATHS = (
					"$(SDKROOT)/Developer/Library/Frameworks",
					"$(inherited)",
				);
				GCC_PREPROCESSOR_DEFINITIONS = (
					"DEBUG=1",
					"$(inherited)",
				);
				INFOPLIST_FILE = exampleTests/Info.plist;
				LD_RUNPATH_SEARCH_PATHS = "$(inherited) @executable_path/Frameworks @loader_path/Frameworks";
				PRODUCT_NAME = "$(TARGET_NAME)";
				TEST_HOST = "$(BUILT_PRODUCTS_DIR)/example.app/example";
			};
			name = Debug;
		};
		1BE80A981A62FA2E00973FA5 /* Release */ = {
			isa = XCBuildConfiguration;
			buildSettings = {
				BUNDLE_LOADER = "$(TEST_HOST)";
				FRAMEWORK_SEARCH_PATHS = (
					"$(SDKROOT)/Developer/Library/Frameworks",
					"$(inherited)",
				);
				INFOPLIST_FILE = exampleTests/Info.plist;
				LD_RUNPATH_SEARCH_PATHS = "$(inherited) @executable_path/Frameworks @loader_path/Frameworks";
				PRODUCT_NAME = "$(TARGET_NAME)";
				TEST_HOST = "$(BUILT_PRODUCTS_DIR)/example.app/example";
			};
			name = Release;
		};
/* End XCBuildConfiguration section */

/* Begin XCConfigurationList section */
		1BE80A6F1A62FA2E00973FA5 /* Build configuration list for PBXProject "example" */ = {
			isa = XCConfigurationList;
			buildConfigurations = (
				1BE80A911A62FA2E00973FA5 /* Debug */,
				1BE80A921A62FA2E00973FA5 /* Release */,
			);
			defaultConfigurationIsVisible = 0;
			defaultConfigurationName = Release;
		};
		1BE80A931A62FA2E00973FA5 /* Build configuration list for PBXNativeTarget "example" */ = {
			isa = XCConfigurationList;
			buildConfigurations = (
				1BE80A941A62FA2E00973FA5 /* Debug */,
				1BE80A951A62FA2E00973FA5 /* Release */,
			);
			defaultConfigurationIsVisible = 0;
			defaultConfigurationName = Release;
		};
		1BE80A961A62FA2E00973FA5 /* Build configuration list for PBXNativeTarget "exampleTests" */ = {
			isa = XCConfigurationList;
			buildConfigurations = (
				1BE80A971A62FA2E00973FA5 /* Debug */,
				1BE80A981A62FA2E00973FA5 /* Release */,
			);
			defaultConfigurationIsVisible = 0;
			defaultConfigurationName = Release;
		};
/* End XCConfigurationList section */
	};
	rootObject = 1BE80A6C1A62FA2E00973FA5 /* Project object */;
}
